
Microsoft Visual Studio Solution File, Format Version 12.00
# Visual Studio 15
Project("{FAE04EC0-301F-11D3-BF4B-00C04F79EFBC}") = "PhotonUnityNetworking.Utilities", "PhotonUnityNetworking.Utilities.csproj", "{047C450A-EACF-EE34-BA9B-6BE3F486B945}"
EndProject
Project("{FAE04EC0-301F-11D3-BF4B-00C04F79EFBC}") = "PhotonChat", "PhotonChat.csproj", "{851B5D0F-B522-904E-55EF-670CE0E57314}"
EndProject
Project("{FAE04EC0-301F-11D3-BF4B-00C04F79EFBC}") = "PhotonUnityNetworking", "PhotonUnityNetworking.csproj", "{0B26EC90-D1D3-F754-7FA8-85FC37552E38}"
EndProject
Project("{FAE04EC0-301F-11D3-BF4B-00C04F79EFBC}") = "PhotonRealtime", "PhotonRealtime.csproj", "{071158E0-3658-3C7C-CB4F-9DF643478043}"
EndProject
Project("{FAE04EC0-301F-11D3-BF4B-00C04F79EFBC}") = "Assembly-CSharp", "Assembly-CSharp.csproj", "{AF773E5B-B81A-BBA7-ED5C-F05705A16945}"
EndProject
Project("{FAE04EC0-301F-11D3-BF4B-00C04F79EFBC}") = "PhotonWebSocket", "PhotonWebSocket.csproj", "{4615B9ED-0A5A-5914-2D75-86860ABDEEB2}"
EndProject
Project("{FAE04EC0-301F-11D3-BF4B-00C04F79EFBC}") = "Assembly-CSharp-Editor", "Assembly-CSharp-Editor.csproj", "{AD0B13C3-AF82-2B8A-3027-A3EBF4D0CFFA}"
EndProject
Project("{FAE04EC0-301F-11D3-BF4B-00C04F79EFBC}") = "PhotonUnityNetworking.Editor", "PhotonUnityNetworking.Editor.csproj", "{C624BBD2-B932-DDBB-2082-58848A9D7D2A}"
EndProject
Project("{FAE04EC0-301F-11D3-BF4B-00C04F79EFBC}") = "PhotonUnityNetworking.Utilities.PhotonPlayer.Editor", "PhotonUnityNetworking.Utilities.PhotonPlayer.Editor.csproj", "{17C42634-2D8B-8C48-1DC6-92E16B682FC2}"
EndProject
Project("{FAE04EC0-301F-11D3-BF4B-00C04F79EFBC}") = "PhotonUnityNetworking.Utilities.Culling.Editor", "PhotonUnityNetworking.Utilities.Culling.Editor.csproj", "{F9851F9D-7287-CF6D-8DC2-F97096E12390}"
EndProject
Global
	GlobalSection(SolutionConfigurationPlatforms) = preSolution
		Debug|Any CPU = Debug|Any CPU
		Release|Any CPU = Release|Any CPU
	EndGlobalSection
	GlobalSection(ProjectConfigurationPlatforms) = postSolution
		{047C450A-EACF-EE34-BA9B-6BE3F486B945}.Debug|Any CPU.ActiveCfg = Debug|Any CPU
		{047C450A-EACF-EE34-BA9B-6BE3F486B945}.Debug|Any CPU.Build.0 = Debug|Any CPU
		{047C450A-EACF-EE34-BA9B-6BE3F486B945}.Release|Any CPU.ActiveCfg = Release|Any CPU
		{047C450A-EACF-EE34-BA9B-6BE3F486B945}.Release|Any CPU.Build.0 = Release|Any CPU
		{851B5D0F-B522-904E-55EF-670CE0E57314}.Debug|Any CPU.ActiveCfg = Debug|Any CPU
		{851B5D0F-B522-904E-55EF-670CE0E57314}.Debug|Any CPU.Build.0 = Debug|Any CPU
		{851B5D0F-B522-904E-55EF-670CE0E57314}.Release|Any CPU.ActiveCfg = Release|Any CPU
		{851B5D0F-B522-904E-55EF-670CE0E57314}.Release|Any CPU.Build.0 = Release|Any CPU
		{0B26EC90-D1D3-F754-7FA8-85FC37552E38}.Debug|Any CPU.ActiveCfg = Debug|Any CPU
		{0B26EC90-D1D3-F754-7FA8-85FC37552E38}.Debug|Any CPU.Build.0 = Debug|Any CPU
		{0B26EC90-D1D3-F754-7FA8-85FC37552E38}.Release|Any CPU.ActiveCfg = Release|Any CPU
		{0B26EC90-D1D3-F754-7FA8-85FC37552E38}.Release|Any CPU.Build.0 = Release|Any CPU
		{071158E0-3658-3C7C-CB4F-9DF643478043}.Debug|Any CPU.ActiveCfg = Debug|Any CPU
		{071158E0-3658-3C7C-CB4F-9DF643478043}.Debug|Any CPU.Build.0 = Debug|Any CPU
		{071158E0-3658-3C7C-CB4F-9DF643478043}.Release|Any CPU.ActiveCfg = Release|Any CPU
		{071158E0-3658-3C7C-CB4F-9DF643478043}.Release|Any CPU.Build.0 = Release|Any CPU
		{AF773E5B-B81A-BBA7-ED5C-F05705A16945}.Debug|Any CPU.ActiveCfg = Debug|Any CPU
		{AF773E5B-B81A-BBA7-ED5C-F05705A16945}.Debug|Any CPU.Build.0 = Debug|Any CPU
		{AF773E5B-B81A-BBA7-ED5C-F05705A16945}.Release|Any CPU.ActiveCfg = Release|Any CPU
		{AF773E5B-B81A-BBA7-ED5C-F05705A16945}.Release|Any CPU.Build.0 = Release|Any CPU
		{4615B9ED-0A5A-5914-2D75-86860ABDEEB2}.Debug|Any CPU.ActiveCfg = Debug|Any CPU
		{4615B9ED-0A5A-5914-2D75-86860ABDEEB2}.Debug|Any CPU.Build.0 = Debug|Any CPU
		{4615B9ED-0A5A-5914-2D75-86860ABDEEB2}.Release|Any CPU.ActiveCfg = Release|Any CPU
		{4615B9ED-0A5A-5914-2D75-86860ABDEEB2}.Release|Any CPU.Build.0 = Release|Any CPU
		{AD0B13C3-AF82-2B8A-3027-A3EBF4D0CFFA}.Debug|Any CPU.ActiveCfg = Debug|Any CPU
		{AD0B13C3-AF82-2B8A-3027-A3EBF4D0CFFA}.Debug|Any CPU.Build.0 = Debug|Any CPU
		{AD0B13C3-AF82-2B8A-3027-A3EBF4D0CFFA}.Release|Any CPU.ActiveCfg = Release|Any CPU
		{AD0B13C3-AF82-2B8A-3027-A3EBF4D0CFFA}.Release|Any CPU.Build.0 = Release|Any CPU
		{C624BBD2-B932-DDBB-2082-58848A9D7D2A}.Debug|Any CPU.ActiveCfg = Debug|Any CPU
		{C624BBD2-B932-DDBB-2082-58848A9D7D2A}.Debug|Any CPU.Build.0 = Debug|Any CPU
		{C624BBD2-B932-DDBB-2082-58848A9D7D2A}.Release|Any CPU.ActiveCfg = Release|Any CPU
		{C624BBD2-B932-DDBB-2082-58848A9D7D2A}.Release|Any CPU.Build.0 = Release|Any CPU
		{17C42634-2D8B-8C48-1DC6-92E16B682FC2}.Debug|Any CPU.ActiveCfg = Debug|Any CPU
		{17C42634-2D8B-8C48-1DC6-92E16B682FC2}.Debug|Any CPU.Build.0 = Debug|Any CPU
		{17C42634-2D8B-8C48-1DC6-92E16B682FC2}.Release|Any CPU.ActiveCfg = Release|Any CPU
		{17C42634-2D8B-8C48-1DC6-92E16B682FC2}.Release|Any CPU.Build.0 = Release|Any CPU
		{F9851F9D-7287-CF6D-8DC2-F97096E12390}.Debug|Any CPU.ActiveCfg = Debug|Any CPU
		{F9851F9D-7287-CF6D-8DC2-F97096E12390}.Debug|Any CPU.Build.0 = Debug|Any CPU
		{F9851F9D-7287-CF6D-8DC2-F97096E12390}.Release|Any CPU.ActiveCfg = Release|Any CPU
		{F9851F9D-7287-CF6D-8DC2-F97096E12390}.Release|Any CPU.Build.0 = Release|Any CPU
	EndGlobalSection
	GlobalSection(SolutionProperties) = preSolution
		HideSolutionNode = FALSE
	EndGlobalSection
EndGlobal
